
Microsoft Visual Studio Solution File, Format Version 12.00
# Visual Studio Version 16
VisualStudioVersion = 16.0.31624.102
MinimumVisualStudioVersion = 10.0.40219.1
Project("{FAE04EC0-301F-11D3-BF4B-00C04F79EFBC}") = "binary", "binary.csproj", "{8625F2A7-0CC1-485A-B9F0-81C6771465B3}"
EndProject
Global
	GlobalSection(SolutionConfigurationPlatforms) = preSolution
		Debug|Any CPU = Debug|Any CPU
		Release|Any CPU = Release|Any CPU
	EndGlobalSection
	GlobalSection(ProjectConfigurationPlatforms) = postSolution
		{8625F2A7-0CC1-485A-B9F0-81C6771465B3}.Debug|Any CPU.ActiveCfg = Debug|Any CPU
		{8625F2A7-0CC1-485A-B9F0-81C6771465B3}.Debug|Any CPU.Build.0 = Debug|Any CPU
		{8625F2A7-0CC1-485A-B9F0-81C6771465B3}.Release|Any CPU.ActiveCfg = Release|Any CPU
		{8625F2A7-0CC1-485A-B9F0-81C6771465B3}.Release|Any CPU.Build.0 = Release|Any CPU
	EndGlobalSection
	GlobalSection(SolutionProperties) = preSolution
		HideSolutionNode = FALSE
	EndGlobalSection
	GlobalSection(ExtensibilityGlobals) = postSolution
		SolutionGuid = {AEA26137-11FE-4DCA-B8AF-A197EA61F076}
	EndGlobalSection
EndGlobal
