
Microsoft Visual Studio Solution File, Format Version 12.00
# Visual Studio Version 16
VisualStudioVersion = 16.0.31624.102
MinimumVisualStudioVersion = 10.0.40219.1
Project("{FAE04EC0-301F-11D3-BF4B-00C04F79EFBC}") = "static7", "static7.csproj", "{1EDFFA68-AEB2-4176-A448-17189C958FD9}"
EndProject
Global
	GlobalSection(SolutionConfigurationPlatforms) = preSolution
		Debug|Any CPU = Debug|Any CPU
		Release|Any CPU = Release|Any CPU
	EndGlobalSection
	GlobalSection(ProjectConfigurationPlatforms) = postSolution
		{1EDFFA68-AEB2-4176-A448-17189C958FD9}.Debug|Any CPU.ActiveCfg = Debug|Any CPU
		{1EDFFA68-AEB2-4176-A448-17189C958FD9}.Debug|Any CPU.Build.0 = Debug|Any CPU
		{1EDFFA68-AEB2-4176-A448-17189C958FD9}.Release|Any CPU.ActiveCfg = Release|Any CPU
		{1EDFFA68-AEB2-4176-A448-17189C958FD9}.Release|Any CPU.Build.0 = Release|Any CPU
	EndGlobalSection
	GlobalSection(SolutionProperties) = preSolution
		HideSolutionNode = FALSE
	EndGlobalSection
	GlobalSection(ExtensibilityGlobals) = postSolution
		SolutionGuid = {5F8E9018-2A3F-493C-89B1-B457081722BA}
	EndGlobalSection
EndGlobal
