
Microsoft Visual Studio Solution File, Format Version 12.00
# Visual Studio Version 16
VisualStudioVersion = 16.0.30804.86
MinimumVisualStudioVersion = 10.0.40219.1
Project("{FAE04EC0-301F-11D3-BF4B-00C04F79EFBC}") = "prg11", "prg11.csproj", "{F01CC24A-7138-42D5-AE26-0E675D9D2BBB}"
EndProject
Global
	GlobalSection(SolutionConfigurationPlatforms) = preSolution
		Debug|Any CPU = Debug|Any CPU
		Release|Any CPU = Release|Any CPU
	EndGlobalSection
	GlobalSection(ProjectConfigurationPlatforms) = postSolution
		{F01CC24A-7138-42D5-AE26-0E675D9D2BBB}.Debug|Any CPU.ActiveCfg = Debug|Any CPU
		{F01CC24A-7138-42D5-AE26-0E675D9D2BBB}.Debug|Any CPU.Build.0 = Debug|Any CPU
		{F01CC24A-7138-42D5-AE26-0E675D9D2BBB}.Release|Any CPU.ActiveCfg = Release|Any CPU
		{F01CC24A-7138-42D5-AE26-0E675D9D2BBB}.Release|Any CPU.Build.0 = Release|Any CPU
	EndGlobalSection
	GlobalSection(SolutionProperties) = preSolution
		HideSolutionNode = FALSE
	EndGlobalSection
	GlobalSection(ExtensibilityGlobals) = postSolution
		SolutionGuid = {44EFEFCB-40C6-4683-AE13-33B23BC336FB}
	EndGlobalSection
EndGlobal
