
Microsoft Visual Studio Solution File, Format Version 12.00
# Visual Studio Version 16
VisualStudioVersion = 16.0.31624.102
MinimumVisualStudioVersion = 10.0.40219.1
Project("{FAE04EC0-301F-11D3-BF4B-00C04F79EFBC}") = "prg18", "prg18.csproj", "{BCF22E25-B14F-44B1-B086-3E49D15B805D}"
EndProject
Global
	GlobalSection(SolutionConfigurationPlatforms) = preSolution
		Debug|Any CPU = Debug|Any CPU
		Release|Any CPU = Release|Any CPU
	EndGlobalSection
	GlobalSection(ProjectConfigurationPlatforms) = postSolution
		{BCF22E25-B14F-44B1-B086-3E49D15B805D}.Debug|Any CPU.ActiveCfg = Debug|Any CPU
		{BCF22E25-B14F-44B1-B086-3E49D15B805D}.Debug|Any CPU.Build.0 = Debug|Any CPU
		{BCF22E25-B14F-44B1-B086-3E49D15B805D}.Release|Any CPU.ActiveCfg = Release|Any CPU
		{BCF22E25-B14F-44B1-B086-3E49D15B805D}.Release|Any CPU.Build.0 = Release|Any CPU
	EndGlobalSection
	GlobalSection(SolutionProperties) = preSolution
		HideSolutionNode = FALSE
	EndGlobalSection
	GlobalSection(ExtensibilityGlobals) = postSolution
		SolutionGuid = {71AB07F4-DDC8-4A16-8795-B62D5FC92A95}
	EndGlobalSection
EndGlobal
