
Microsoft Visual Studio Solution File, Format Version 12.00
# Visual Studio Version 16
VisualStudioVersion = 16.0.31624.102
MinimumVisualStudioVersion = 10.0.40219.1
Project("{FAE04EC0-301F-11D3-BF4B-00C04F79EFBC}") = "rg19", "rg19.csproj", "{B1376757-EB12-4C21-9C41-042910CAD7B5}"
EndProject
Global
	GlobalSection(SolutionConfigurationPlatforms) = preSolution
		Debug|Any CPU = Debug|Any CPU
		Release|Any CPU = Release|Any CPU
	EndGlobalSection
	GlobalSection(ProjectConfigurationPlatforms) = postSolution
		{B1376757-EB12-4C21-9C41-042910CAD7B5}.Debug|Any CPU.ActiveCfg = Debug|Any CPU
		{B1376757-EB12-4C21-9C41-042910CAD7B5}.Debug|Any CPU.Build.0 = Debug|Any CPU
		{B1376757-EB12-4C21-9C41-042910CAD7B5}.Release|Any CPU.ActiveCfg = Release|Any CPU
		{B1376757-EB12-4C21-9C41-042910CAD7B5}.Release|Any CPU.Build.0 = Release|Any CPU
	EndGlobalSection
	GlobalSection(SolutionProperties) = preSolution
		HideSolutionNode = FALSE
	EndGlobalSection
	GlobalSection(ExtensibilityGlobals) = postSolution
		SolutionGuid = {9ABF117C-6FBF-473A-A48B-D413BD44413B}
	EndGlobalSection
EndGlobal
